
Microsoft Visual Studio Solution File, Format Version 12.00
# Visual Studio Version 17
VisualStudioVersion = 17.4.33103.184
MinimumVisualStudioVersion = 10.0.40219.1
Project("{9A19103F-16F7-4668-BE54-9A1E7A4F7556}") = "CRUD Operations", "Example\CRUD Operations.csproj", "{C25C8D32-2749-4E1E-9DB7-356EF966FD8D}"
EndProject
Global
	GlobalSection(SolutionConfigurationPlatforms) = preSolution
		Debug|Any CPU = Debug|Any CPU
		Release|Any CPU = Release|Any CPU
	EndGlobalSection
	GlobalSection(ProjectConfigurationPlatforms) = postSolution
		{C25C8D32-2749-4E1E-9DB7-356EF966FD8D}.Debug|Any CPU.ActiveCfg = Debug|Any CPU
		{C25C8D32-2749-4E1E-9DB7-356EF966FD8D}.Debug|Any CPU.Build.0 = Debug|Any CPU
		{C25C8D32-2749-4E1E-9DB7-356EF966FD8D}.Release|Any CPU.ActiveCfg = Release|Any CPU
		{C25C8D32-2749-4E1E-9DB7-356EF966FD8D}.Release|Any CPU.Build.0 = Release|Any CPU
	EndGlobalSection
	GlobalSection(SolutionProperties) = preSolution
		HideSolutionNode = FALSE
	EndGlobalSection
	GlobalSection(ExtensibilityGlobals) = postSolution
		SolutionGuid = {72803537-C538-4C52-B053-4FC202DB5800}
	EndGlobalSection
EndGlobal
